
Microsoft Visual Studio Solution File, Format Version 12.00
# Visual Studio Version 17
VisualStudioVersion = 17.11.35208.52
MinimumVisualStudioVersion = 10.0.40219.1
Project("{FAE04EC0-301F-11D3-BF4B-00C04F79EFBC}") = "SchoolManagementSystem", "SchoolManagementSystem\SchoolManagementSystem.csproj", "{8CD28755-40D8-4D1E-AFA8-A4930C256706}"
EndProject
Global
	GlobalSection(SolutionConfigurationPlatforms) = preSolution
		Debug|Any CPU = Debug|Any CPU
		Release|Any CPU = Release|Any CPU
	EndGlobalSection
	GlobalSection(ProjectConfigurationPlatforms) = postSolution
		{8CD28755-40D8-4D1E-AFA8-A4930C256706}.Debug|Any CPU.ActiveCfg = Debug|Any CPU
		{8CD28755-40D8-4D1E-AFA8-A4930C256706}.Debug|Any CPU.Build.0 = Debug|Any CPU
		{8CD28755-40D8-4D1E-AFA8-A4930C256706}.Release|Any CPU.ActiveCfg = Release|Any CPU
		{8CD28755-40D8-4D1E-AFA8-A4930C256706}.Release|Any CPU.Build.0 = Release|Any CPU
	EndGlobalSection
	GlobalSection(SolutionProperties) = preSolution
		HideSolutionNode = FALSE
	EndGlobalSection
	GlobalSection(ExtensibilityGlobals) = postSolution
		SolutionGuid = {CBE0BF48-C6FE-42F1-9672-00E691262A48}
	EndGlobalSection
EndGlobal
